
Microsoft Visual Studio Solution File, Format Version 12.00
# Visual Studio Version 17
VisualStudioVersion = 17.1.32228.430
MinimumVisualStudioVersion = 10.0.40219.1
Project("{9A19103F-16F7-4668-BE54-9A1E7A4F7556}") = "NLayer.Core", "NLayer.Core\NLayer.Core.csproj", "{178152FF-9689-454E-8E2D-02734857258A}"
EndProject
Project("{FAE04EC0-301F-11D3-BF4B-00C04F79EFBC}") = "NLayer.Repository", "NLayer.Repository\NLayer.Repository.csproj", "{7E127A52-D33C-4FE9-97F4-FC0A543BCAAE}"
EndProject
Project("{FAE04EC0-301F-11D3-BF4B-00C04F79EFBC}") = "NLayer.Service", "NLayer.Service\NLayer.Service.csproj", "{C18A0570-1628-4782-AD4C-51067D061E9A}"
EndProject
Project("{FAE04EC0-301F-11D3-BF4B-00C04F79EFBC}") = "NLayer.API", "NLayer.API\NLayer.API.csproj", "{1CF6D4D1-3394-41BD-9968-2674051C50FE}"
EndProject
Project("{FAE04EC0-301F-11D3-BF4B-00C04F79EFBC}") = "NLayer.Web", "NLayer.Web\NLayer.Web.csproj", "{75144184-8DD8-44EB-BC96-9B20BD4234F4}"
EndProject
Project("{FAE04EC0-301F-11D3-BF4B-00C04F79EFBC}") = "NLayer.Caching", "NLayer.Caching\NLayer.Caching.csproj", "{BEA55B80-899E-4DF3-8E95-89E815B71947}"
EndProject
Project("{2150E333-8FDC-42A3-9474-1A3956D46DE8}") = "Solution Items", "Solution Items", "{47680E1B-49E5-47D5-BBD7-FC128205A6D6}"
	ProjectSection(SolutionItems) = preProject
		.editorconfig = .editorconfig
	EndProjectSection
EndProject
Global
	GlobalSection(SolutionConfigurationPlatforms) = preSolution
		Debug|Any CPU = Debug|Any CPU
		Release|Any CPU = Release|Any CPU
	EndGlobalSection
	GlobalSection(ProjectConfigurationPlatforms) = postSolution
		{178152FF-9689-454E-8E2D-02734857258A}.Debug|Any CPU.ActiveCfg = Debug|Any CPU
		{178152FF-9689-454E-8E2D-02734857258A}.Debug|Any CPU.Build.0 = Debug|Any CPU
		{178152FF-9689-454E-8E2D-02734857258A}.Release|Any CPU.ActiveCfg = Release|Any CPU
		{178152FF-9689-454E-8E2D-02734857258A}.Release|Any CPU.Build.0 = Release|Any CPU
		{7E127A52-D33C-4FE9-97F4-FC0A543BCAAE}.Debug|Any CPU.ActiveCfg = Debug|Any CPU
		{7E127A52-D33C-4FE9-97F4-FC0A543BCAAE}.Debug|Any CPU.Build.0 = Debug|Any CPU
		{7E127A52-D33C-4FE9-97F4-FC0A543BCAAE}.Release|Any CPU.ActiveCfg = Release|Any CPU
		{7E127A52-D33C-4FE9-97F4-FC0A543BCAAE}.Release|Any CPU.Build.0 = Release|Any CPU
		{C18A0570-1628-4782-AD4C-51067D061E9A}.Debug|Any CPU.ActiveCfg = Debug|Any CPU
		{C18A0570-1628-4782-AD4C-51067D061E9A}.Debug|Any CPU.Build.0 = Debug|Any CPU
		{C18A0570-1628-4782-AD4C-51067D061E9A}.Release|Any CPU.ActiveCfg = Release|Any CPU
		{C18A0570-1628-4782-AD4C-51067D061E9A}.Release|Any CPU.Build.0 = Release|Any CPU
		{1CF6D4D1-3394-41BD-9968-2674051C50FE}.Debug|Any CPU.ActiveCfg = Debug|Any CPU
		{1CF6D4D1-3394-41BD-9968-2674051C50FE}.Debug|Any CPU.Build.0 = Debug|Any CPU
		{1CF6D4D1-3394-41BD-9968-2674051C50FE}.Release|Any CPU.ActiveCfg = Release|Any CPU
		{1CF6D4D1-3394-41BD-9968-2674051C50FE}.Release|Any CPU.Build.0 = Release|Any CPU
		{75144184-8DD8-44EB-BC96-9B20BD4234F4}.Debug|Any CPU.ActiveCfg = Debug|Any CPU
		{75144184-8DD8-44EB-BC96-9B20BD4234F4}.Debug|Any CPU.Build.0 = Debug|Any CPU
		{75144184-8DD8-44EB-BC96-9B20BD4234F4}.Release|Any CPU.ActiveCfg = Release|Any CPU
		{75144184-8DD8-44EB-BC96-9B20BD4234F4}.Release|Any CPU.Build.0 = Release|Any CPU
		{BEA55B80-899E-4DF3-8E95-89E815B71947}.Debug|Any CPU.ActiveCfg = Debug|Any CPU
		{BEA55B80-899E-4DF3-8E95-89E815B71947}.Debug|Any CPU.Build.0 = Debug|Any CPU
		{BEA55B80-899E-4DF3-8E95-89E815B71947}.Release|Any CPU.ActiveCfg = Release|Any CPU
		{BEA55B80-899E-4DF3-8E95-89E815B71947}.Release|Any CPU.Build.0 = Release|Any CPU
	EndGlobalSection
	GlobalSection(SolutionProperties) = preSolution
		HideSolutionNode = FALSE
	EndGlobalSection
	GlobalSection(ExtensibilityGlobals) = postSolution
		SolutionGuid = {23258E17-C5F8-4264-A407-84E613914523}
	EndGlobalSection
EndGlobal
